
Microsoft Visual Studio Solution File, Format Version 12.00
# Visual Studio Version 16
VisualStudioVersion = 16.0.31321.278
MinimumVisualStudioVersion = 10.0.40219.1
Project("{FAE04EC0-301F-11D3-BF4B-00C04F79EFBC}") = "FirstAskisiOmadiki", "FirstAskisiOmadiki\FirstAskisiOmadiki.csproj", "{E789B047-DACC-43FD-AD4B-77A0B5BE7E2E}"
EndProject
Global
	GlobalSection(SolutionConfigurationPlatforms) = preSolution
		Debug|Any CPU = Debug|Any CPU
		Release|Any CPU = Release|Any CPU
	EndGlobalSection
	GlobalSection(ProjectConfigurationPlatforms) = postSolution
		{E789B047-DACC-43FD-AD4B-77A0B5BE7E2E}.Debug|Any CPU.ActiveCfg = Debug|Any CPU
		{E789B047-DACC-43FD-AD4B-77A0B5BE7E2E}.Debug|Any CPU.Build.0 = Debug|Any CPU
		{E789B047-DACC-43FD-AD4B-77A0B5BE7E2E}.Release|Any CPU.ActiveCfg = Release|Any CPU
		{E789B047-DACC-43FD-AD4B-77A0B5BE7E2E}.Release|Any CPU.Build.0 = Release|Any CPU
	EndGlobalSection
	GlobalSection(SolutionProperties) = preSolution
		HideSolutionNode = FALSE
	EndGlobalSection
	GlobalSection(ExtensibilityGlobals) = postSolution
		SolutionGuid = {89399681-F48F-4F06-AF7D-D8F977C5A603}
	EndGlobalSection
EndGlobal
